hash: 576483a9c8607f8c923cea98f972a8a4f216fae96642b516e142694b18ea9604
updated: 2017-10-07T21:20:34.668434826-04:00
imports:
- name: github.com/nlopes/slack
  version: c86337c0ef2486a15edd804355d9c73d2f2caed1
- name: golang.org/x/net
  version: a04bdaca5b32abe1c069418fb7088ae607de5bd0
  subpackages:
  - websocket
testImports: []
